// !$*UTF8*$!
{
	archiveVersion = 1;
	classes = {
	};
	objectVersion = 50;
	objects = {

/* Begin PBXBuildFile section */
		4917F87921E67EDE00FD73A6 /* Model.xcdatamodeld in Sources */ = {isa = PBXBuildFile; fileRef = 4917F87721E67EDE00FD73A6 /* Model.xcdatamodeld */; };
		4917F87B21E681AD00FD73A6 /* CoreDataStack.swift in Sources */ = {isa = PBXBuildFile; fileRef = 4917F87A21E681AD00FD73A6 /* CoreDataStack.swift */; };
		4933750421E2553700A5391F /* AppDelegate.swift in Sources */ = {isa = PBXBuildFile; fileRef = 4933750321E2553700A5391F /* AppDelegate.swift */; };
		4933750621E2553700A5391F /* ViewController.swift in Sources */ = {isa = PBXBuildFile; fileRef = 4933750521E2553700A5391F /* ViewController.swift */; };
		4933750921E2553700A5391F /* Main.storyboard in Resources */ = {isa = PBXBuildFile; fileRef = 4933750721E2553700A5391F /* Main.storyboard */; };
		4933750B21E2553800A5391F /* Assets.xcassets in Resources */ = {isa = PBXBuildFile; fileRef = 4933750A21E2553800A5391F /* Assets.xcassets */; };
		4933750E21E2553800A5391F /* LaunchScreen.storyboard in Resources */ = {isa = PBXBuildFile; fileRef = 4933750C21E2553800A5391F /* LaunchScreen.storyboard */; };
		4933751621E2563000A5391F /* RandomGenerator.swift in Sources */ = {isa = PBXBuildFile; fileRef = 4933751521E2563000A5391F /* RandomGenerator.swift */; };
		4933751821E2573F00A5391F /* TableViewController.swift in Sources */ = {isa = PBXBuildFile; fileRef = 4933751721E2573F00A5391F /* TableViewController.swift */; };
/* End PBXBuildFile section */

/* Begin PBXFileReference section */
		4917F87821E67EDE00FD73A6 /* Model.xcdatamodel */ = {isa = PBXFileReference; lastKnownFileType = wrapper.xcdatamodel; path = Model.xcdatamodel; sourceTree = "<group>"; };
		4917F87A21E681AD00FD73A6 /* CoreDataStack.swift */ = {isa = PBXFileReference; lastKnownFileType = sourcecode.swift; path = CoreDataStack.swift; sourceTree = "<group>"; };
		4933750021E2553700A5391F /* CustomObjectGenerator.app */ = {isa = PBXFileReference; explicitFileType = wrapper.application; includeInIndex = 0; path = CustomObjectGenerator.app; sourceTree = BUILT_PRODUCTS_DIR; };
		4933750321E2553700A5391F /* AppDelegate.swift */ = {isa = PBXFileReference; lastKnownFileType = sourcecode.swift; path = AppDelegate.swift; sourceTree = "<group>"; };
		4933750521E2553700A5391F /* ViewController.swift */ = {isa = PBXFileReference; lastKnownFileType = sourcecode.swift; path = ViewController.swift; sourceTree = "<group>"; };
		4933750821E2553700A5391F /* Base */ = {isa = PBXFileReference; lastKnownFileType = file.storyboard; name = Base; path = Base.lproj/Main.storyboard; sourceTree = "<group>"; };
		4933750A21E2553800A5391F /* Assets.xcassets */ = {isa = PBXFileReference; lastKnownFileType = folder.assetcatalog; path = Assets.xcassets; sourceTree = "<group>"; };
		4933750D21E2553800A5391F /* Base */ = {isa = PBXFileReference; lastKnownFileType = file.storyboard; name = Base; path = Base.lproj/LaunchScreen.storyboard; sourceTree = "<group>"; };
		4933750F21E2553800A5391F /* Info.plist */ = {isa = PBXFileReference; lastKnownFileType = text.plist.xml; path = Info.plist; sourceTree = "<group>"; };
		4933751521E2563000A5391F /* RandomGenerator.swift */ = {isa = PBXFileReference; lastKnownFileType = sourcecode.swift; path = RandomGenerator.swift; sourceTree = "<group>"; };
		4933751721E2573F00A5391F /* TableViewController.swift */ = {isa = PBXFileReference; lastKnownFileType = sourcecode.swift; path = TableViewController.swift; sourceTree = "<group>"; };
/* End PBXFileReference section */

/* Begin PBXFrameworksBuildPhase section */
		493374FD21E2553700A5391F /* Frameworks */ = {
			isa = PBXFrameworksBuildPhase;
			buildActionMask = 2147483647;
			files = (
			);
			runOnlyForDeploymentPostprocessing = 0;
		};
/* End PBXFrameworksBuildPhase section */

/* Begin PBXGroup section */
		493374F721E2553700A5391F = {
			isa = PBXGroup;
			children = (
				4933750221E2553700A5391F /* CustomObjectGenerator */,
				4933750121E2553700A5391F /* Products */,
			);
			sourceTree = "<group>";
		};
		4933750121E2553700A5391F /* Products */ = {
			isa = PBXGroup;
			children = (
				4933750021E2553700A5391F /* CustomObjectGenerator.app */,
			);
			name = Products;
			sourceTree = "<group>";
		};
		4933750221E2553700A5391F /* CustomObjectGenerator */ = {
			isa = PBXGroup;
			children = (
				4933750321E2553700A5391F /* AppDelegate.swift */,
				4933750721E2553700A5391F /* Main.storyboard */,
				4933750521E2553700A5391F /* ViewController.swift */,
				4933751521E2563000A5391F /* RandomGenerator.swift */,
				4933751721E2573F00A5391F /* TableViewController.swift */,
				4917F87A21E681AD00FD73A6 /* CoreDataStack.swift */,
				4917F87721E67EDE00FD73A6 /* Model.xcdatamodeld */,
				4933750A21E2553800A5391F /* Assets.xcassets */,
				4933750C21E2553800A5391F /* LaunchScreen.storyboard */,
				4933750F21E2553800A5391F /* Info.plist */,
			);
			path = CustomObjectGenerator;
			sourceTree = "<group>";
		};
/* End PBXGroup section */

/* Begin PBXNativeTarget section */
		493374FF21E2553700A5391F /* CustomObjectGenerator */ = {
			isa = PBXNativeTarget;
			buildConfigurationList = 4933751221E2553800A5391F /* Build configuration list for PBXNativeTarget "CustomObjectGenerator" */;
			buildPhases = (
				493374FC21E2553700A5391F /* Sources */,
				493374FD21E2553700A5391F /* Frameworks */,
				493374FE21E2553700A5391F /* Resources */,
			);
			buildRules = (
			);
			dependencies = (
			);
			name = CustomObjectGenerator;
			productName = CustomObjectGenerator;
			productReference = 4933750021E2553700A5391F /* CustomObjectGenerator.app */;
			productType = "com.apple.product-type.application";
		};
/* End PBXNativeTarget section */

/* Begin PBXProject section */
		493374F821E2553700A5391F /* Project object */ = {
			isa = PBXProject;
			attributes = {
				LastSwiftUpdateCheck = 1010;
				LastUpgradeCheck = 1010;
				ORGANIZATIONNAME = "Evgeniy Opryshko";
				TargetAttributes = {
					493374FF21E2553700A5391F = {
						CreatedOnToolsVersion = 10.1;
					};
				};
			};
			buildConfigurationList = 493374FB21E2553700A5391F /* Build configuration list for PBXProject "CustomObjectGenerator" */;
			compatibilityVersion = "Xcode 9.3";
			developmentRegion = en;
			hasScannedForEncodings = 0;
			knownRegions = (
				en,
				Base,
			);
			mainGroup = 493374F721E2553700A5391F;
			productRefGroup = 4933750121E2553700A5391F /* Products */;
			projectDirPath = "";
			projectRoot = "";
			targets = (
				493374FF21E2553700A5391F /* CustomObjectGenerator */,
			);
		};
/* End PBXProject section */

/* Begin PBXResourcesBuildPhase section */
		493374FE21E2553700A5391F /* Resources */ = {
			isa = PBXResourcesBuildPhase;
			buildActionMask = 2147483647;
			files = (
				4933750E21E2553800A5391F /* LaunchScreen.storyboard in Resources */,
				4933750B21E2553800A5391F /* Assets.xcassets in Resources */,
				4933750921E2553700A5391F /* Main.storyboard in Resources */,
			);
			runOnlyForDeploymentPostprocessing = 0;
		};
/* End PBXResourcesBuildPhase section */

/* Begin PBXSourcesBuildPhase section */
		493374FC21E2553700A5391F /* Sources */ = {
			isa = PBXSourcesBuildPhase;
			buildActionMask = 2147483647;
			files = (
				4933750621E2553700A5391F /* ViewController.swift in Sources */,
				4933750421E2553700A5391F /* AppDelegate.swift in Sources */,
				4917F87921E67EDE00FD73A6 /* Model.xcdatamodeld in Sources */,
				4917F87B21E681AD00FD73A6 /* CoreDataStack.swift in Sources */,
				4933751621E2563000A5391F /* RandomGenerator.swift in Sources */,
				4933751821E2573F00A5391F /* TableViewController.swift in Sources */,
			);
			runOnlyForDeploymentPostprocessing = 0;
		};
/* End PBXSourcesBuildPhase section */

/* Begin PBXVariantGroup section */
		4933750721E2553700A5391F /* Main.storyboard */ = {
			isa = PBXVariantGroup;
			children = (
				4933750821E2553700A5391F /* Base */,
			);
			name = Main.storyboard;
			sourceTree = "<group>";
		};
		4933750C21E2553800A5391F /* LaunchScreen.storyboard */ = {
			isa = PBXVariantGroup;
			children = (
				4933750D21E2553800A5391F /* Base */,
			);
			name = LaunchScreen.storyboard;
			sourceTree = "<group>";
		};
/* End PBXVariantGroup section */

/* Begin XCBuildConfiguration section */
		4933751021E2553800A5391F /* Debug */ = {
			isa = XCBuildConfiguration;
			buildSettings = {
				ALWAYS_SEARCH_USER_PATHS = NO;
				CLANG_ANALYZER_NONNULL = YES;
				CLANG_ANALYZER_NUMBER_OBJECT_CONVERSION = YES_AGGRESSIVE;
				CLANG_CXX_LANGUAGE_STANDARD = "gnu++14";
				CLANG_CXX_LIBRARY = "libc++";
				CLANG_ENABLE_MODULES = YES;
				CLANG_ENABLE_OBJC_ARC = YES;
				CLANG_ENABLE_OBJC_WEAK = YES;
				CLANG_WARN_BLOCK_CAPTURE_AUTORELEASING = YES;
				CLANG_WARN_BOOL_CONVERSION = YES;
				CLANG_WARN_COMMA = YES;
				CLANG_WARN_CONSTANT_CONVERSION = YES;
				CLANG_WARN_DEPRECATED_OBJC_IMPLEMENTATIONS = YES;
				CLANG_WARN_DIRECT_OBJC_ISA_USAGE = YES_ERROR;
				CLANG_WARN_DOCUMENTATION_COMMENTS = YES;
				CLANG_WARN_EMPTY_BODY = YES;
				CLANG_WARN_ENUM_CONVERSION = YES;
				CLANG_WARN_INFINITE_RECURSION = YES;
				CLANG_WARN_INT_CONVERSION = YES;
				CLANG_WARN_NON_LITERAL_NULL_CONVERSION = YES;
				CLANG_WARN_OBJC_IMPLICIT_RETAIN_SELF = YES;
				CLANG_WARN_OBJC_LITERAL_CONVERSION = YES;
				CLANG_WARN_OBJC_ROOT_CLASS = YES_ERROR;
				CLANG_WARN_RANGE_LOOP_ANALYSIS = YES;
				CLANG_WARN_STRICT_PROTOTYPES = YES;
				CLANG_WARN_SUSPICIOUS_MOVE = YES;
				CLANG_WARN_UNGUARDED_AVAILABILITY = YES_AGGRESSIVE;
				CLANG_WARN_UNREACHABLE_CODE = YES;
				CLANG_WARN__DUPLICATE_METHOD_MATCH = YES;
				CODE_SIGN_IDENTITY = "iPhone Developer";
				COPY_PHASE_STRIP = NO;
				DEBUG_INFORMATION_FORMAT = dwarf;
				ENABLE_STRICT_OBJC_MSGSEND = YES;
				ENABLE_TESTABILITY = YES;
				GCC_C_LANGUAGE_STANDARD = gnu11;
				GCC_DYNAMIC_NO_PIC = NO;
				GCC_NO_COMMON_BLOCKS = YES;
				GCC_OPTIMIZATION_LEVEL = 0;
				GCC_PREPROCESSOR_DEFINITIONS = (
					"DEBUG=1",
					"$(inherited)",
				);
				GCC_WARN_64_TO_32_BIT_CONVERSION = YES;
				GCC_WARN_ABOUT_RETURN_TYPE = YES_ERROR;
				GCC_WARN_UNDECLARED_SELECTOR = YES;
				GCC_WARN_UNINITIALIZED_AUTOS = YES_AGGRESSIVE;
				GCC_WARN_UNUSED_FUNCTION = YES;
				GCC_WARN_UNUSED_VARIABLE = YES;
				IPHONEOS_DEPLOYMENT_TARGET = 12.1;
				MTL_ENABLE_DEBUG_INFO = INCLUDE_SOURCE;
				MTL_FAST_MATH = YES;
				ONLY_ACTIVE_ARCH = YES;
				SDKROOT = iphoneos;
				SWIFT_ACTIVE_COMPILATION_CONDITIONS = DEBUG;
				SWIFT_OPTIMIZATION_LEVEL = "-Onone";
			};
			name = Debug;
		};
		4933751121E2553800A5391F /* Release */ = {
			isa = XCBuildConfiguration;
			buildSettings = {
				ALWAYS_SEARCH_USER_PATHS = NO;
				CLANG_ANALYZER_NONNULL = YES;
				CLANG_ANALYZER_NUMBER_OBJECT_CONVERSION = YES_AGGRESSIVE;
				CLANG_CXX_LANGUAGE_STANDARD = "gnu++14";
				CLANG_CXX_LIBRARY = "libc++";
				CLANG_ENABLE_MODULES = YES;
				CLANG_ENABLE_OBJC_ARC = YES;
				CLANG_ENABLE_OBJC_WEAK = YES;
				CLANG_WARN_BLOCK_CAPTURE_AUTORELEASING = YES;
				CLANG_WARN_BOOL_CONVERSION = YES;
				CLANG_WARN_COMMA = YES;
				CLANG_WARN_CONSTANT_CONVERSION = YES;
				CLANG_WARN_DEPRECATED_OBJC_IMPLEMENTATIONS = YES;
				CLANG_WARN_DIRECT_OBJC_ISA_USAGE = YES_ERROR;
				CLANG_WARN_DOCUMENTATION_COMMENTS = YES;
				CLANG_WARN_EMPTY_BODY = YES;
				CLANG_WARN_ENUM_CONVERSION = YES;
				CLANG_WARN_INFINITE_RECURSION = YES;
				CLANG_WARN_INT_CONVERSION = YES;
				CLANG_WARN_NON_LITERAL_NULL_CONVERSION = YES;
				CLANG_WARN_OBJC_IMPLICIT_RETAIN_SELF = YES;
				CLANG_WARN_OBJC_LITERAL_CONVERSION = YES;
				CLANG_WARN_OBJC_ROOT_CLASS = YES_ERROR;
				CLANG_WARN_RANGE_LOOP_ANALYSIS = YES;
				CLANG_WARN_STRICT_PROTOTYPES = YES;
				CLANG_WARN_SUSPICIOUS_MOVE = YES;
				CLANG_WARN_UNGUARDED_AVAILABILITY = YES_AGGRESSIVE;
				CLANG_WARN_UNREACHABLE_CODE = YES;
				CLANG_WARN__DUPLICATE_METHOD_MATCH = YES;
				CODE_SIGN_IDENTITY = "iPhone Developer";
				COPY_PHASE_STRIP = NO;
				DEBUG_INFORMATION_FORMAT = "dwarf-with-dsym";
				ENABLE_NS_ASSERTIONS = NO;
				ENABLE_STRICT_OBJC_MSGSEND = YES;
				GCC_C_LANGUAGE_STANDARD = gnu11;
				GCC_NO_COMMON_BLOCKS = YES;
				GCC_WARN_64_TO_32_BIT_CONVERSION = YES;
				GCC_WARN_ABOUT_RETURN_TYPE = YES_ERROR;
				GCC_WARN_UNDECLARED_SELECTOR = YES;
				GCC_WARN_UNINITIALIZED_AUTOS = YES_AGGRESSIVE;
				GCC_WARN_UNUSED_FUNCTION = YES;
				GCC_WARN_UNUSED_VARIABLE = YES;
				IPHONEOS_DEPLOYMENT_TARGET = 12.1;
				MTL_ENABLE_DEBUG_INFO = NO;
				MTL_FAST_MATH = YES;
				SDKROOT = iphoneos;
				SWIFT_COMPILATION_MODE = wholemodule;
				SWIFT_OPTIMIZATION_LEVEL = "-O";
				VALIDATE_PRODUCT = YES;
			};
			name = Release;
		};
		4933751321E2553800A5391F /* Debug */ = {
			isa = XCBuildConfiguration;
			buildSettings = {
				ASSETCATALOG_COMPILER_APPICON_NAME = AppIcon;
				CODE_SIGN_STYLE = Automatic;
				DEVELOPMENT_TEAM = T43MEX2BM7;
				INFOPLIST_FILE = CustomObjectGenerator/Info.plist;
				LD_RUNPATH_SEARCH_PATHS = (
					"$(inherited)",
					"@executable_path/Frameworks",
				);
				PRODUCT_BUNDLE_IDENTIFIER = com.opr.CustomObjectGenerator;
				PRODUCT_NAME = "$(TARGET_NAME)";
				SWIFT_VERSION = 4.2;
				TARGETED_DEVICE_FAMILY = "1,2";
			};
			name = Debug;
		};
		4933751421E2553800A5391F /* Release */ = {
			isa = XCBuildConfiguration;
			buildSettings = {
				ASSETCATALOG_COMPILER_APPICON_NAME = AppIcon;
				CODE_SIGN_STYLE = Automatic;
				DEVELOPMENT_TEAM = T43MEX2BM7;
				INFOPLIST_FILE = CustomObjectGenerator/Info.plist;
				LD_RUNPATH_SEARCH_PATHS = (
					"$(inherited)",
					"@executable_path/Frameworks",
				);
				PRODUCT_BUNDLE_IDENTIFIER = com.opr.CustomObjectGenerator;
				PRODUCT_NAME = "$(TARGET_NAME)";
				SWIFT_VERSION = 4.2;
				TARGETED_DEVICE_FAMILY = "1,2";
			};
			name = Release;
		};
/* End XCBuildConfiguration section */

/* Begin XCConfigurationList section */
		493374FB21E2553700A5391F /* Build configuration list for PBXProject "CustomObjectGenerator" */ = {
			isa = XCConfigurationList;
			buildConfigurations = (
				4933751021E2553800A5391F /* Debug */,
				4933751121E2553800A5391F /* Release */,
			);
			defaultConfigurationIsVisible = 0;
			defaultConfigurationName = Release;
		};
		4933751221E2553800A5391F /* Build configuration list for PBXNativeTarget "CustomObjectGenerator" */ = {
			isa = XCConfigurationList;
			buildConfigurations = (
				4933751321E2553800A5391F /* Debug */,
				4933751421E2553800A5391F /* Release */,
			);
			defaultConfigurationIsVisible = 0;
			defaultConfigurationName = Release;
		};
/* End XCConfigurationList section */

/* Begin XCVersionGroup section */
		4917F87721E67EDE00FD73A6 /* Model.xcdatamodeld */ = {
			isa = XCVersionGroup;
			children = (
				4917F87821E67EDE00FD73A6 /* Model.xcdatamodel */,
			);
			currentVersion = 4917F87821E67EDE00FD73A6 /* Model.xcdatamodel */;
			path = Model.xcdatamodeld;
			sourceTree = "<group>";
			versionGroupType = wrapper.xcdatamodel;
		};
/* End XCVersionGroup section */
	};
	rootObject = 493374F821E2553700A5391F /* Project object */;
}
